// !$*UTF8*$!
{
	archiveVersion = 1;
	classes = {
	};
	objectVersion = 50;
	objects = {

/* Begin PBXBuildFile section */
		2372E55526DC011700F52FAE /* AppDelegate.swift in Sources */ = {isa = PBXBuildFile; fileRef = 2372E55426DC011700F52FAE /* AppDelegate.swift */; };
		2372E55726DC011700F52FAE /* SceneDelegate.swift in Sources */ = {isa = PBXBuildFile; fileRef = 2372E55626DC011700F52FAE /* SceneDelegate.swift */; };
		2372E55926DC011700F52FAE /* ViewController.swift in Sources */ = {isa = PBXBuildFile; fileRef = 2372E55826DC011700F52FAE /* ViewController.swift */; };
		2372E55E26DC011B00F52FAE /* Assets.xcassets in Resources */ = {isa = PBXBuildFile; fileRef = 2372E55D26DC011B00F52FAE /* Assets.xcassets */; };
		2372E56126DC011B00F52FAE /* LaunchScreen.storyboard in Resources */ = {isa = PBXBuildFile; fileRef = 2372E55F26DC011B00F52FAE /* LaunchScreen.storyboard */; };
		2372E56B26DC189400F52FAE /* BrushTableViewCell.swift in Sources */ = {isa = PBXBuildFile; fileRef = 2372E56A26DC189400F52FAE /* BrushTableViewCell.swift */; };
		2372E56E26DC19E900F52FAE /* ChooseABrushViewController.swift in Sources */ = {isa = PBXBuildFile; fileRef = 2372E56D26DC19E900F52FAE /* ChooseABrushViewController.swift */; };
		2372E57126DC5AA300F52FAE /* EditBrushViewController.swift in Sources */ = {isa = PBXBuildFile; fileRef = 2372E57026DC5AA300F52FAE /* EditBrushViewController.swift */; };
		2372E57426DC68AD00F52FAE /* Brush.swift in Sources */ = {isa = PBXBuildFile; fileRef = 2372E57326DC68AD00F52FAE /* Brush.swift */; };
		23E9F16A26DE3DC20008D3BB /* Canvas.swift in Sources */ = {isa = PBXBuildFile; fileRef = 23E9F16926DE3DC20008D3BB /* Canvas.swift */; };
/* End PBXBuildFile section */

/* Begin PBXFileReference section */
		2372E55126DC011700F52FAE /* Canvas.app */ = {isa = PBXFileReference; explicitFileType = wrapper.application; includeInIndex = 0; path = Canvas.app; sourceTree = BUILT_PRODUCTS_DIR; };
		2372E55426DC011700F52FAE /* AppDelegate.swift */ = {isa = PBXFileReference; lastKnownFileType = sourcecode.swift; path = AppDelegate.swift; sourceTree = "<group>"; };
		2372E55626DC011700F52FAE /* SceneDelegate.swift */ = {isa = PBXFileReference; lastKnownFileType = sourcecode.swift; path = SceneDelegate.swift; sourceTree = "<group>"; };
		2372E55826DC011700F52FAE /* ViewController.swift */ = {isa = PBXFileReference; lastKnownFileType = sourcecode.swift; path = ViewController.swift; sourceTree = "<group>"; };
		2372E55D26DC011B00F52FAE /* Assets.xcassets */ = {isa = PBXFileReference; lastKnownFileType = folder.assetcatalog; path = Assets.xcassets; sourceTree = "<group>"; };
		2372E56026DC011B00F52FAE /* Base */ = {isa = PBXFileReference; lastKnownFileType = file.storyboard; name = Base; path = Base.lproj/LaunchScreen.storyboard; sourceTree = "<group>"; };
		2372E56226DC011B00F52FAE /* Info.plist */ = {isa = PBXFileReference; lastKnownFileType = text.plist.xml; path = Info.plist; sourceTree = "<group>"; };
		2372E56A26DC189400F52FAE /* BrushTableViewCell.swift */ = {isa = PBXFileReference; lastKnownFileType = sourcecode.swift; path = BrushTableViewCell.swift; sourceTree = "<group>"; };
		2372E56D26DC19E900F52FAE /* ChooseABrushViewController.swift */ = {isa = PBXFileReference; lastKnownFileType = sourcecode.swift; path = ChooseABrushViewController.swift; sourceTree = "<group>"; };
		2372E57026DC5AA300F52FAE /* EditBrushViewController.swift */ = {isa = PBXFileReference; lastKnownFileType = sourcecode.swift; path = EditBrushViewController.swift; sourceTree = "<group>"; };
		2372E57326DC68AD00F52FAE /* Brush.swift */ = {isa = PBXFileReference; lastKnownFileType = sourcecode.swift; path = Brush.swift; sourceTree = "<group>"; };
		23E9F16926DE3DC20008D3BB /* Canvas.swift */ = {isa = PBXFileReference; lastKnownFileType = sourcecode.swift; path = Canvas.swift; sourceTree = "<group>"; };
/* End PBXFileReference section */

/* Begin PBXFrameworksBuildPhase section */
		2372E54E26DC011700F52FAE /* Frameworks */ = {
			isa = PBXFrameworksBuildPhase;
			buildActionMask = 2147483647;
			files = (
			);
			runOnlyForDeploymentPostprocessing = 0;
		};
/* End PBXFrameworksBuildPhase section */

/* Begin PBXGroup section */
		23221C6226DEF500006BAE7A /* Model */ = {
			isa = PBXGroup;
			children = (
				2372E57326DC68AD00F52FAE /* Brush.swift */,
			);
			path = Model;
			sourceTree = "<group>";
		};
		23221C6326DEF506006BAE7A /* Controller */ = {
			isa = PBXGroup;
			children = (
				2372E57026DC5AA300F52FAE /* EditBrushViewController.swift */,
				2372E56D26DC19E900F52FAE /* ChooseABrushViewController.swift */,
				2372E55826DC011700F52FAE /* ViewController.swift */,
			);
			path = Controller;
			sourceTree = "<group>";
		};
		2372E54826DC011700F52FAE = {
			isa = PBXGroup;
			children = (
				2372E55326DC011700F52FAE /* Canvas */,
				2372E55226DC011700F52FAE /* Products */,
			);
			sourceTree = "<group>";
		};
		2372E55226DC011700F52FAE /* Products */ = {
			isa = PBXGroup;
			children = (
				2372E55126DC011700F52FAE /* Canvas.app */,
			);
			name = Products;
			sourceTree = "<group>";
		};
		2372E55326DC011700F52FAE /* Canvas */ = {
			isa = PBXGroup;
			children = (
				2372E55426DC011700F52FAE /* AppDelegate.swift */,
				2372E55626DC011700F52FAE /* SceneDelegate.swift */,
				23221C6226DEF500006BAE7A /* Model */,
				23E9F16826DE3DBB0008D3BB /* View */,
				23221C6326DEF506006BAE7A /* Controller */,
				2372E55D26DC011B00F52FAE /* Assets.xcassets */,
				2372E55F26DC011B00F52FAE /* LaunchScreen.storyboard */,
				2372E56226DC011B00F52FAE /* Info.plist */,
			);
			path = Canvas;
			sourceTree = "<group>";
		};
		23E9F16826DE3DBB0008D3BB /* View */ = {
			isa = PBXGroup;
			children = (
				2372E56A26DC189400F52FAE /* BrushTableViewCell.swift */,
				23E9F16926DE3DC20008D3BB /* Canvas.swift */,
			);
			path = View;
			sourceTree = "<group>";
		};
/* End PBXGroup section */

/* Begin PBXNativeTarget section */
		2372E55026DC011700F52FAE /* Canvas */ = {
			isa = PBXNativeTarget;
			buildConfigurationList = 2372E56526DC011B00F52FAE /* Build configuration list for PBXNativeTarget "Canvas" */;
			buildPhases = (
				2372E54D26DC011700F52FAE /* Sources */,
				2372E54E26DC011700F52FAE /* Frameworks */,
				2372E54F26DC011700F52FAE /* Resources */,
			);
			buildRules = (
			);
			dependencies = (
			);
			name = Canvas;
			productName = Canvas;
			productReference = 2372E55126DC011700F52FAE /* Canvas.app */;
			productType = "com.apple.product-type.application";
		};
/* End PBXNativeTarget section */

/* Begin PBXProject section */
		2372E54926DC011700F52FAE /* Project object */ = {
			isa = PBXProject;
			attributes = {
				LastSwiftUpdateCheck = 1220;
				LastUpgradeCheck = 1220;
				TargetAttributes = {
					2372E55026DC011700F52FAE = {
						CreatedOnToolsVersion = 12.2;
					};
				};
			};
			buildConfigurationList = 2372E54C26DC011700F52FAE /* Build configuration list for PBXProject "Canvas" */;
			compatibilityVersion = "Xcode 9.3";
			developmentRegion = en;
			hasScannedForEncodings = 0;
			knownRegions = (
				en,
				Base,
			);
			mainGroup = 2372E54826DC011700F52FAE;
			productRefGroup = 2372E55226DC011700F52FAE /* Products */;
			projectDirPath = "";
			projectRoot = "";
			targets = (
				2372E55026DC011700F52FAE /* Canvas */,
			);
		};
/* End PBXProject section */

/* Begin PBXResourcesBuildPhase section */
		2372E54F26DC011700F52FAE /* Resources */ = {
			isa = PBXResourcesBuildPhase;
			buildActionMask = 2147483647;
			files = (
				2372E56126DC011B00F52FAE /* LaunchScreen.storyboard in Resources */,
				2372E55E26DC011B00F52FAE /* Assets.xcassets in Resources */,
			);
			runOnlyForDeploymentPostprocessing = 0;
		};
/* End PBXResourcesBuildPhase section */

/* Begin PBXSourcesBuildPhase section */
		2372E54D26DC011700F52FAE /* Sources */ = {
			isa = PBXSourcesBuildPhase;
			buildActionMask = 2147483647;
			files = (
				2372E55926DC011700F52FAE /* ViewController.swift in Sources */,
				2372E56E26DC19E900F52FAE /* ChooseABrushViewController.swift in Sources */,
				2372E57426DC68AD00F52FAE /* Brush.swift in Sources */,
				23E9F16A26DE3DC20008D3BB /* Canvas.swift in Sources */,
				2372E55526DC011700F52FAE /* AppDelegate.swift in Sources */,
				2372E56B26DC189400F52FAE /* BrushTableViewCell.swift in Sources */,
				2372E55726DC011700F52FAE /* SceneDelegate.swift in Sources */,
				2372E57126DC5AA300F52FAE /* EditBrushViewController.swift in Sources */,
			);
			runOnlyForDeploymentPostprocessing = 0;
		};
/* End PBXSourcesBuildPhase section */

/* Begin PBXVariantGroup section */
		2372E55F26DC011B00F52FAE /* LaunchScreen.storyboard */ = {
			isa = PBXVariantGroup;
			children = (
				2372E56026DC011B00F52FAE /* Base */,
			);
			name = LaunchScreen.storyboard;
			sourceTree = "<group>";
		};
/* End PBXVariantGroup section */

/* Begin XCBuildConfiguration section */
		2372E56326DC011B00F52FAE /* Debug */ = {
			isa = XCBuildConfiguration;
			buildSettings = {
				ALWAYS_SEARCH_USER_PATHS = NO;
				CLANG_ANALYZER_NONNULL = YES;
				CLANG_ANALYZER_NUMBER_OBJECT_CONVERSION = YES_AGGRESSIVE;
				CLANG_CXX_LANGUAGE_STANDARD = "gnu++14";
				CLANG_CXX_LIBRARY = "libc++";
				CLANG_ENABLE_MODULES = YES;
				CLANG_ENABLE_OBJC_ARC = YES;
				CLANG_ENABLE_OBJC_WEAK = YES;
				CLANG_WARN_BLOCK_CAPTURE_AUTORELEASING = YES;
				CLANG_WARN_BOOL_CONVERSION = YES;
				CLANG_WARN_COMMA = YES;
				CLANG_WARN_CONSTANT_CONVERSION = YES;
				CLANG_WARN_DEPRECATED_OBJC_IMPLEMENTATIONS = YES;
				CLANG_WARN_DIRECT_OBJC_ISA_USAGE = YES_ERROR;
				CLANG_WARN_DOCUMENTATION_COMMENTS = YES;
				CLANG_WARN_EMPTY_BODY = YES;
				CLANG_WARN_ENUM_CONVERSION = YES;
				CLANG_WARN_INFINITE_RECURSION = YES;
				CLANG_WARN_INT_CONVERSION = YES;
				CLANG_WARN_NON_LITERAL_NULL_CONVERSION = YES;
				CLANG_WARN_OBJC_IMPLICIT_RETAIN_SELF = YES;
				CLANG_WARN_OBJC_LITERAL_CONVERSION = YES;
				CLANG_WARN_OBJC_ROOT_CLASS = YES_ERROR;
				CLANG_WARN_QUOTED_INCLUDE_IN_FRAMEWORK_HEADER = YES;
				CLANG_WARN_RANGE_LOOP_ANALYSIS = YES;
				CLANG_WARN_STRICT_PROTOTYPES = YES;
				CLANG_WARN_SUSPICIOUS_MOVE = YES;
				CLANG_WARN_UNGUARDED_AVAILABILITY = YES_AGGRESSIVE;
				CLANG_WARN_UNREACHABLE_CODE = YES;
				CLANG_WARN__DUPLICATE_METHOD_MATCH = YES;
				COPY_PHASE_STRIP = NO;
				DEBUG_INFORMATION_FORMAT = dwarf;
				ENABLE_STRICT_OBJC_MSGSEND = YES;
				ENABLE_TESTABILITY = YES;
				GCC_C_LANGUAGE_STANDARD = gnu11;
				GCC_DYNAMIC_NO_PIC = NO;
				GCC_NO_COMMON_BLOCKS = YES;
				GCC_OPTIMIZATION_LEVEL = 0;
				GCC_PREPROCESSOR_DEFINITIONS = (
					"DEBUG=1",
					"$(inherited)",
				);
				GCC_WARN_64_TO_32_BIT_CONVERSION = YES;
				GCC_WARN_ABOUT_RETURN_TYPE = YES_ERROR;
				GCC_WARN_UNDECLARED_SELECTOR = YES;
				GCC_WARN_UNINITIALIZED_AUTOS = YES_AGGRESSIVE;
				GCC_WARN_UNUSED_FUNCTION = YES;
				GCC_WARN_UNUSED_VARIABLE = YES;
				IPHONEOS_DEPLOYMENT_TARGET = 14.2;
				MTL_ENABLE_DEBUG_INFO = INCLUDE_SOURCE;
				MTL_FAST_MATH = YES;
				ONLY_ACTIVE_ARCH = YES;
				SDKROOT = iphoneos;
				SWIFT_ACTIVE_COMPILATION_CONDITIONS = DEBUG;
				SWIFT_OPTIMIZATION_LEVEL = "-Onone";
			};
			name = Debug;
		};
		2372E56426DC011B00F52FAE /* Release */ = {
			isa = XCBuildConfiguration;
			buildSettings = {
				ALWAYS_SEARCH_USER_PATHS = NO;
				CLANG_ANALYZER_NONNULL = YES;
				CLANG_ANALYZER_NUMBER_OBJECT_CONVERSION = YES_AGGRESSIVE;
				CLANG_CXX_LANGUAGE_STANDARD = "gnu++14";
				CLANG_CXX_LIBRARY = "libc++";
				CLANG_ENABLE_MODULES = YES;
				CLANG_ENABLE_OBJC_ARC = YES;
				CLANG_ENABLE_OBJC_WEAK = YES;
				CLANG_WARN_BLOCK_CAPTURE_AUTORELEASING = YES;
				CLANG_WARN_BOOL_CONVERSION = YES;
				CLANG_WARN_COMMA = YES;
				CLANG_WARN_CONSTANT_CONVERSION = YES;
				CLANG_WARN_DEPRECATED_OBJC_IMPLEMENTATIONS = YES;
				CLANG_WARN_DIRECT_OBJC_ISA_USAGE = YES_ERROR;
				CLANG_WARN_DOCUMENTATION_COMMENTS = YES;
				CLANG_WARN_EMPTY_BODY = YES;
				CLANG_WARN_ENUM_CONVERSION = YES;
				CLANG_WARN_INFINITE_RECURSION = YES;
				CLANG_WARN_INT_CONVERSION = YES;
				CLANG_WARN_NON_LITERAL_NULL_CONVERSION = YES;
				CLANG_WARN_OBJC_IMPLICIT_RETAIN_SELF = YES;
				CLANG_WARN_OBJC_LITERAL_CONVERSION = YES;
				CLANG_WARN_OBJC_ROOT_CLASS = YES_ERROR;
				CLANG_WARN_QUOTED_INCLUDE_IN_FRAMEWORK_HEADER = YES;
				CLANG_WARN_RANGE_LOOP_ANALYSIS = YES;
				CLANG_WARN_STRICT_PROTOTYPES = YES;
				CLANG_WARN_SUSPICIOUS_MOVE = YES;
				CLANG_WARN_UNGUARDED_AVAILABILITY = YES_AGGRESSIVE;
				CLANG_WARN_UNREACHABLE_CODE = YES;
				CLANG_WARN__DUPLICATE_METHOD_MATCH = YES;
				COPY_PHASE_STRIP = NO;
				DEBUG_INFORMATION_FORMAT = "dwarf-with-dsym";
				ENABLE_NS_ASSERTIONS = NO;
				ENABLE_STRICT_OBJC_MSGSEND = YES;
				GCC_C_LANGUAGE_STANDARD = gnu11;
				GCC_NO_COMMON_BLOCKS = YES;
				GCC_WARN_64_TO_32_BIT_CONVERSION = YES;
				GCC_WARN_ABOUT_RETURN_TYPE = YES_ERROR;
				GCC_WARN_UNDECLARED_SELECTOR = YES;
				GCC_WARN_UNINITIALIZED_AUTOS = YES_AGGRESSIVE;
				GCC_WARN_UNUSED_FUNCTION = YES;
				GCC_WARN_UNUSED_VARIABLE = YES;
				IPHONEOS_DEPLOYMENT_TARGET = 14.2;
				MTL_ENABLE_DEBUG_INFO = NO;
				MTL_FAST_MATH = YES;
				SDKROOT = iphoneos;
				SWIFT_COMPILATION_MODE = wholemodule;
				SWIFT_OPTIMIZATION_LEVEL = "-O";
				VALIDATE_PRODUCT = YES;
			};
			name = Release;
		};
		2372E56626DC011B00F52FAE /* Debug */ = {
			isa = XCBuildConfiguration;
			buildSettings = {
				ASSETCATALOG_COMPILER_APPICON_NAME = AppIcon;
				ASSETCATALOG_COMPILER_GLOBAL_ACCENT_COLOR_NAME = AccentColor;
				CODE_SIGN_STYLE = Automatic;
				DEVELOPMENT_TEAM = MYMCGH7W7R;
				INFOPLIST_FILE = Canvas/Info.plist;
				LD_RUNPATH_SEARCH_PATHS = (
					"$(inherited)",
					"@executable_path/Frameworks",
				);
				PRODUCT_BUNDLE_IDENTIFIER = angelzzz23.Canvas;
				PRODUCT_NAME = "$(TARGET_NAME)";
				SWIFT_VERSION = 5.0;
				TARGETED_DEVICE_FAMILY = "1,2";
			};
			name = Debug;
		};
		2372E56726DC011B00F52FAE /* Release */ = {
			isa = XCBuildConfiguration;
			buildSettings = {
				ASSETCATALOG_COMPILER_APPICON_NAME = AppIcon;
				ASSETCATALOG_COMPILER_GLOBAL_ACCENT_COLOR_NAME = AccentColor;
				CODE_SIGN_STYLE = Automatic;
				DEVELOPMENT_TEAM = MYMCGH7W7R;
				INFOPLIST_FILE = Canvas/Info.plist;
				LD_RUNPATH_SEARCH_PATHS = (
					"$(inherited)",
					"@executable_path/Frameworks",
				);
				PRODUCT_BUNDLE_IDENTIFIER = angelzzz23.Canvas;
				PRODUCT_NAME = "$(TARGET_NAME)";
				SWIFT_VERSION = 5.0;
				TARGETED_DEVICE_FAMILY = "1,2";
			};
			name = Release;
		};
/* End XCBuildConfiguration section */

/* Begin XCConfigurationList section */
		2372E54C26DC011700F52FAE /* Build configuration list for PBXProject "Canvas" */ = {
			isa = XCConfigurationList;
			buildConfigurations = (
				2372E56326DC011B00F52FAE /* Debug */,
				2372E56426DC011B00F52FAE /* Release */,
			);
			defaultConfigurationIsVisible = 0;
			defaultConfigurationName = Release;
		};
		2372E56526DC011B00F52FAE /* Build configuration list for PBXNativeTarget "Canvas" */ = {
			isa = XCConfigurationList;
			buildConfigurations = (
				2372E56626DC011B00F52FAE /* Debug */,
				2372E56726DC011B00F52FAE /* Release */,
			);
			defaultConfigurationIsVisible = 0;
			defaultConfigurationName = Release;
		};
/* End XCConfigurationList section */
	};
	rootObject = 2372E54926DC011700F52FAE /* Project object */;
}
